// !$*UTF8*$!
{
	archiveVersion = 1;
	classes = {
	};
	objectVersion = 46;
	objects = {

/* Begin PBXBuildFile section */
		AD02766D17E5287A003DB992 /* TBExplosion.m in Sources */ = {isa = PBXBuildFile; fileRef = AD02766C17E5287A003DB992 /* TBExplosion.m */; };
		AD1153E316F467D600A9FE87 /* UIKit.framework in Frameworks */ = {isa = PBXBuildFile; fileRef = AD1153E216F467D600A9FE87 /* UIKit.framework */; };
		AD1153E516F467D600A9FE87 /* Foundation.framework in Frameworks */ = {isa = PBXBuildFile; fileRef = AD1153E416F467D600A9FE87 /* Foundation.framework */; };
		AD1153E716F467D600A9FE87 /* CoreGraphics.framework in Frameworks */ = {isa = PBXBuildFile; fileRef = AD1153E616F467D600A9FE87 /* CoreGraphics.framework */; };
		AD1153ED16F467D600A9FE87 /* InfoPlist.strings in Resources */ = {isa = PBXBuildFile; fileRef = AD1153EB16F467D600A9FE87 /* InfoPlist.strings */; };
		AD1153EF16F467D600A9FE87 /* main.m in Sources */ = {isa = PBXBuildFile; fileRef = AD1153EE16F467D600A9FE87 /* main.m */; };
		AD1153F316F467D600A9FE87 /* AppDelegate.m in Sources */ = {isa = PBXBuildFile; fileRef = AD1153F216F467D600A9FE87 /* AppDelegate.m */; };
		AD1153F516F467D600A9FE87 /* Default.png in Resources */ = {isa = PBXBuildFile; fileRef = AD1153F416F467D600A9FE87 /* Default.png */; };
		AD1153F716F467D600A9FE87 /* Default@2x.png in Resources */ = {isa = PBXBuildFile; fileRef = AD1153F616F467D600A9FE87 /* Default@2x.png */; };
		AD1153F916F467D600A9FE87 /* Default-568h@2x.png in Resources */ = {isa = PBXBuildFile; fileRef = AD1153F816F467D600A9FE87 /* Default-568h@2x.png */; };
		AD11540016F4685100A9FE87 /* QuartzCore.framework in Frameworks */ = {isa = PBXBuildFile; fileRef = AD1153FF16F4685100A9FE87 /* QuartzCore.framework */; };
		AD11540216F4685A00A9FE87 /* OpenGLES.framework in Frameworks */ = {isa = PBXBuildFile; fileRef = AD11540116F4685A00A9FE87 /* OpenGLES.framework */; };
		AD11540416F4686400A9FE87 /* GLKit.framework in Frameworks */ = {isa = PBXBuildFile; fileRef = AD11540316F4686400A9FE87 /* GLKit.framework */; };
		AD11540616F4694100A9FE87 /* MainStoryboard.storyboard in Resources */ = {isa = PBXBuildFile; fileRef = AD11540516F4694100A9FE87 /* MainStoryboard.storyboard */; };
		AD11540916F46BD200A9FE87 /* TBViewController.m in Sources */ = {isa = PBXBuildFile; fileRef = AD11540816F46BD200A9FE87 /* TBViewController.m */; };
		AD11540C16F50B7C00A9FE87 /* TBSprite.m in Sources */ = {isa = PBXBuildFile; fileRef = AD11540B16F50B7C00A9FE87 /* TBSprite.m */; };
		AD11544116F5273000A9FE87 /* background.png in Resources */ = {isa = PBXBuildFile; fileRef = AD11543B16F5273000A9FE87 /* background.png */; };
		AD11544216F5273000A9FE87 /* block@2x.png in Resources */ = {isa = PBXBuildFile; fileRef = AD11543C16F5273000A9FE87 /* block@2x.png */; };
		AD11544316F5273000A9FE87 /* catacombs.png in Resources */ = {isa = PBXBuildFile; fileRef = AD11543D16F5273000A9FE87 /* catacombs.png */; };
		AD11544416F5273000A9FE87 /* draygon.png in Resources */ = {isa = PBXBuildFile; fileRef = AD11543E16F5273000A9FE87 /* draygon.png */; };
		AD11544516F5273000A9FE87 /* olroxsquarters.png in Resources */ = {isa = PBXBuildFile; fileRef = AD11543F16F5273000A9FE87 /* olroxsquarters.png */; };
		AD11544616F5273000A9FE87 /* samusvaria.png in Resources */ = {isa = PBXBuildFile; fileRef = AD11544016F5273000A9FE87 /* samusvaria.png */; };
		AD11544916F57DB800A9FE87 /* TBEntity.m in Sources */ = {isa = PBXBuildFile; fileRef = AD11544816F57DB800A9FE87 /* TBEntity.m */; };
		AD11544C16F5843500A9FE87 /* TBWorld.m in Sources */ = {isa = PBXBuildFile; fileRef = AD11544B16F5843500A9FE87 /* TBWorld.m */; };
		AD11545116F6D06900A9FE87 /* block2.png in Resources */ = {isa = PBXBuildFile; fileRef = AD11545016F6D06900A9FE87 /* block2.png */; };
		AD2B2E6816FE902C0024F163 /* TBBlockMachine.m in Sources */ = {isa = PBXBuildFile; fileRef = AD2B2E6716FE902C0024F163 /* TBBlockMachine.m */; };
		AD2B2E6A16FEC9FE0024F163 /* glow.png in Resources */ = {isa = PBXBuildFile; fileRef = AD2B2E6916FEC9FE0024F163 /* glow.png */; };
		AD2B2E6C16FECF270024F163 /* glow2.png in Resources */ = {isa = PBXBuildFile; fileRef = AD2B2E6B16FECF270024F163 /* glow2.png */; };
		AD345BB317E52F5A00E5F66E /* tinyexplosion.png in Resources */ = {isa = PBXBuildFile; fileRef = AD345BB217E52F5A00E5F66E /* tinyexplosion.png */; };
		AD345BB517E53A7B00E5F66E /* bigexplosion.png in Resources */ = {isa = PBXBuildFile; fileRef = AD345BB417E53A7B00E5F66E /* bigexplosion.png */; };
		AD4B52CF18501FB900EF2967 /* TBStringSprite.m in Sources */ = {isa = PBXBuildFile; fileRef = AD4B52CE18501FB900EF2967 /* TBStringSprite.m */; };
		AD4B52D118502A2000EF2967 /* bitmapfont.gif in Resources */ = {isa = PBXBuildFile; fileRef = AD4B52D018502A2000EF2967 /* bitmapfont.gif */; };
		AD4B52D418503E8100EF2967 /* player2stand.png in Resources */ = {isa = PBXBuildFile; fileRef = AD4B52D218503E8100EF2967 /* player2stand.png */; };
		AD4B52D518503E8100EF2967 /* playersheet.png in Resources */ = {isa = PBXBuildFile; fileRef = AD4B52D318503E8100EF2967 /* playersheet.png */; };
		AD4B52D718503EAE00EF2967 /* player2.png in Resources */ = {isa = PBXBuildFile; fileRef = AD4B52D618503EAE00EF2967 /* player2.png */; };
		AD4B52DA18505E8B00EF2967 /* TBNPC.m in Sources */ = {isa = PBXBuildFile; fileRef = AD4B52D918505E8B00EF2967 /* TBNPC.m */; };
		AD4B52E118508D2800EF2967 /* player3.png in Resources */ = {isa = PBXBuildFile; fileRef = AD4B52DF18508D2800EF2967 /* player3.png */; };
		AD7E21C917E163D9003DD9DC /* TBAnimatedSprite.m in Sources */ = {isa = PBXBuildFile; fileRef = AD7E21C817E163D9003DD9DC /* TBAnimatedSprite.m */; };
		AD7E21CE17E3E2B2003DD9DC /* TBStateSprite.m in Sources */ = {isa = PBXBuildFile; fileRef = AD7E21CD17E3E2B2003DD9DC /* TBStateSprite.m */; };
		AD8D689C16F70AC80020EC7B /* player.png in Resources */ = {isa = PBXBuildFile; fileRef = AD8D689B16F70AC80020EC7B /* player.png */; };
		AD8D68A416F7131F0020EC7B /* TBPoint.m in Sources */ = {isa = PBXBuildFile; fileRef = AD8D68A316F7131E0020EC7B /* TBPoint.m */; };
		AD8D68A716F793430020EC7B /* TBCreature.m in Sources */ = {isa = PBXBuildFile; fileRef = AD8D68A616F793430020EC7B /* TBCreature.m */; };
		AD8D68A916F7B9C80020EC7B /* bullet.png in Resources */ = {isa = PBXBuildFile; fileRef = AD8D68A816F7B9C80020EC7B /* bullet.png */; };
		ADA6314B1788DA7B005B6B17 /* TBBullet.m in Sources */ = {isa = PBXBuildFile; fileRef = ADA6314A1788DA7B005B6B17 /* TBBullet.m */; };
		ADA6314E1788DCAA005B6B17 /* TBBlock.m in Sources */ = {isa = PBXBuildFile; fileRef = ADA6314D1788DCA9005B6B17 /* TBBlock.m */; };
		ADFB3DD718508F49005C9A0B /* test.png in Resources */ = {isa = PBXBuildFile; fileRef = ADFB3DD618508F49005C9A0B /* test.png */; };
		ADFB3DDB1851428F005C9A0B /* FEET_plate_armor_shoes.png in Resources */ = {isa = PBXBuildFile; fileRef = ADFB3DD81851428F005C9A0B /* FEET_plate_armor_shoes.png */; };
		ADFB3DDC1851428F005C9A0B /* HEAD_plate_armor_helmet.png in Resources */ = {isa = PBXBuildFile; fileRef = ADFB3DD91851428F005C9A0B /* HEAD_plate_armor_helmet.png */; };
		ADFB3DDD1851428F005C9A0B /* TORSO_plate_armor_torso.png in Resources */ = {isa = PBXBuildFile; fileRef = ADFB3DDA1851428F005C9A0B /* TORSO_plate_armor_torso.png */; };
		ADFB3DDF18514331005C9A0B /* baseplayer.png in Resources */ = {isa = PBXBuildFile; fileRef = ADFB3DDE18514331005C9A0B /* baseplayer.png */; };
		ADFB3DE2185148FB005C9A0B /* HANDS_plate_armor_gloves.png in Resources */ = {isa = PBXBuildFile; fileRef = ADFB3DE0185148FB005C9A0B /* HANDS_plate_armor_gloves.png */; };
		ADFB3DE3185148FB005C9A0B /* LEGS_plate_armor_pants.png in Resources */ = {isa = PBXBuildFile; fileRef = ADFB3DE1185148FB005C9A0B /* LEGS_plate_armor_pants.png */; };
		ADFB3DE518514A0A005C9A0B /* TORSO_plate_armor_arms_shoulders.png in Resources */ = {isa = PBXBuildFile; fileRef = ADFB3DE418514A0A005C9A0B /* TORSO_plate_armor_arms_shoulders.png */; };
		ADFB3DE71851654C005C9A0B /* gun.png in Resources */ = {isa = PBXBuildFile; fileRef = ADFB3DE61851654C005C9A0B /* gun.png */; };
		ADFB3DE918516E31005C9A0B /* point.png in Resources */ = {isa = PBXBuildFile; fileRef = ADFB3DE818516E31005C9A0B /* point.png */; };
		ADFB3DEB1852BDED005C9A0B /* background2.png in Resources */ = {isa = PBXBuildFile; fileRef = ADFB3DEA1852BDED005C9A0B /* background2.png */; };
		ADFFB1041852EA4500BCEEF1 /* TBEventManager.m in Sources */ = {isa = PBXBuildFile; fileRef = ADFFB1031852EA4500BCEEF1 /* TBEventManager.m */; };
		ADFFB1071852EA6A00BCEEF1 /* TBEvent.m in Sources */ = {isa = PBXBuildFile; fileRef = ADFFB1061852EA6A00BCEEF1 /* TBEvent.m */; };
		ADFFB10B185419FB00BCEEF1 /* TBGame.m in Sources */ = {isa = PBXBuildFile; fileRef = ADFFB10A185419FB00BCEEF1 /* TBGame.m */; };
		ADFFB10E18541F6A00BCEEF1 /* TBPlayer.m in Sources */ = {isa = PBXBuildFile; fileRef = ADFFB10D18541F6A00BCEEF1 /* TBPlayer.m */; };
		ADFFB1101854266C00BCEEF1 /* glow3.png in Resources */ = {isa = PBXBuildFile; fileRef = ADFFB10F1854266C00BCEEF1 /* glow3.png */; };
		ADFFB11418542CE800BCEEF1 /* ghostplayer.png in Resources */ = {isa = PBXBuildFile; fileRef = ADFFB11318542CE800BCEEF1 /* ghostplayer.png */; };
		ADFFB11618542D8C00BCEEF1 /* BODY_skeleton.png in Resources */ = {isa = PBXBuildFile; fileRef = ADFFB11518542D8C00BCEEF1 /* BODY_skeleton.png */; };
/* End PBXBuildFile section */

/* Begin PBXBuildRule section */
		ADBCFAAA16F98F730086A1FD /* PBXBuildRule */ = {
			isa = PBXBuildRule;
			compilerSpec = com.apple.compilers.proxy.script;
			fileType = pattern.proxy;
			isEditable = 1;
			outputFiles = (
			);
		};
/* End PBXBuildRule section */

/* Begin PBXFileReference section */
		AD02766B17E5287A003DB992 /* TBExplosion.h */ = {isa = PBXFileReference; fileEncoding = 4; lastKnownFileType = sourcecode.c.h; path = TBExplosion.h; sourceTree = "<group>"; };
		AD02766C17E5287A003DB992 /* TBExplosion.m */ = {isa = PBXFileReference; fileEncoding = 4; lastKnownFileType = sourcecode.c.objc; path = TBExplosion.m; sourceTree = "<group>"; };
		AD1153DF16F467D600A9FE87 /* TrashBlaster.app */ = {isa = PBXFileReference; explicitFileType = wrapper.application; includeInIndex = 0; path = TrashBlaster.app; sourceTree = BUILT_PRODUCTS_DIR; };
		AD1153E216F467D600A9FE87 /* UIKit.framework */ = {isa = PBXFileReference; lastKnownFileType = wrapper.framework; name = UIKit.framework; path = System/Library/Frameworks/UIKit.framework; sourceTree = SDKROOT; };
		AD1153E416F467D600A9FE87 /* Foundation.framework */ = {isa = PBXFileReference; lastKnownFileType = wrapper.framework; name = Foundation.framework; path = System/Library/Frameworks/Foundation.framework; sourceTree = SDKROOT; };
		AD1153E616F467D600A9FE87 /* CoreGraphics.framework */ = {isa = PBXFileReference; lastKnownFileType = wrapper.framework; name = CoreGraphics.framework; path = System/Library/Frameworks/CoreGraphics.framework; sourceTree = SDKROOT; };
		AD1153EA16F467D600A9FE87 /* TrashBlaster-Info.plist */ = {isa = PBXFileReference; lastKnownFileType = text.plist.xml; path = "TrashBlaster-Info.plist"; sourceTree = "<group>"; };
		AD1153EC16F467D600A9FE87 /* en */ = {isa = PBXFileReference; lastKnownFileType = text.plist.strings; name = en; path = en.lproj/InfoPlist.strings; sourceTree = "<group>"; };
		AD1153EE16F467D600A9FE87 /* main.m */ = {isa = PBXFileReference; lastKnownFileType = sourcecode.c.objc; path = main.m; sourceTree = "<group>"; };
		AD1153F016F467D600A9FE87 /* TrashBlaster-Prefix.pch */ = {isa = PBXFileReference; lastKnownFileType = sourcecode.c.h; path = "TrashBlaster-Prefix.pch"; sourceTree = "<group>"; };
		AD1153F116F467D600A9FE87 /* AppDelegate.h */ = {isa = PBXFileReference; lastKnownFileType = sourcecode.c.h; path = AppDelegate.h; sourceTree = "<group>"; };
		AD1153F216F467D600A9FE87 /* AppDelegate.m */ = {isa = PBXFileReference; lastKnownFileType = sourcecode.c.objc; path = AppDelegate.m; sourceTree = "<group>"; };
		AD1153F416F467D600A9FE87 /* Default.png */ = {isa = PBXFileReference; lastKnownFileType = image.png; path = Default.png; sourceTree = "<group>"; };
		AD1153F616F467D600A9FE87 /* Default@2x.png */ = {isa = PBXFileReference; lastKnownFileType = image.png; path = "Default@2x.png"; sourceTree = "<group>"; };
		AD1153F816F467D600A9FE87 /* Default-568h@2x.png */ = {isa = PBXFileReference; lastKnownFileType = image.png; path = "Default-568h@2x.png"; sourceTree = "<group>"; };
		AD1153FF16F4685100A9FE87 /* QuartzCore.framework */ = {isa = PBXFileReference; lastKnownFileType = wrapper.framework; name = QuartzCore.framework; path = System/Library/Frameworks/QuartzCore.framework; sourceTree = SDKROOT; };
		AD11540116F4685A00A9FE87 /* OpenGLES.framework */ = {isa = PBXFileReference; lastKnownFileType = wrapper.framework; name = OpenGLES.framework; path = System/Library/Frameworks/OpenGLES.framework; sourceTree = SDKROOT; };
		AD11540316F4686400A9FE87 /* GLKit.framework */ = {isa = PBXFileReference; lastKnownFileType = wrapper.framework; name = GLKit.framework; path = System/Library/Frameworks/GLKit.framework; sourceTree = SDKROOT; };
		AD11540516F4694100A9FE87 /* MainStoryboard.storyboard */ = {isa = PBXFileReference; fileEncoding = 4; lastKnownFileType = file.storyboard; path = MainStoryboard.storyboard; sourceTree = "<group>"; };
		AD11540716F46BD200A9FE87 /* TBViewController.h */ = {isa = PBXFileReference; fileEncoding = 4; lastKnownFileType = sourcecode.c.h; path = TBViewController.h; sourceTree = "<group>"; };
		AD11540816F46BD200A9FE87 /* TBViewController.m */ = {isa = PBXFileReference; fileEncoding = 4; lastKnownFileType = sourcecode.c.objc; path = TBViewController.m; sourceTree = "<group>"; };
		AD11540A16F50B7C00A9FE87 /* TBSprite.h */ = {isa = PBXFileReference; fileEncoding = 4; lastKnownFileType = sourcecode.c.h; path = TBSprite.h; sourceTree = "<group>"; };
		AD11540B16F50B7C00A9FE87 /* TBSprite.m */ = {isa = PBXFileReference; fileEncoding = 4; lastKnownFileType = sourcecode.c.objc; path = TBSprite.m; sourceTree = "<group>"; };
		AD11543B16F5273000A9FE87 /* background.png */ = {isa = PBXFileReference; lastKnownFileType = image.png; path = background.png; sourceTree = "<group>"; };
		AD11543C16F5273000A9FE87 /* block@2x.png */ = {isa = PBXFileReference; lastKnownFileType = image.png; path = "block@2x.png"; sourceTree = "<group>"; };
		AD11543D16F5273000A9FE87 /* catacombs.png */ = {isa = PBXFileReference; lastKnownFileType = image.png; path = catacombs.png; sourceTree = "<group>"; };
		AD11543E16F5273000A9FE87 /* draygon.png */ = {isa = PBXFileReference; lastKnownFileType = image.png; path = draygon.png; sourceTree = "<group>"; };
		AD11543F16F5273000A9FE87 /* olroxsquarters.png */ = {isa = PBXFileReference; lastKnownFileType = image.png; path = olroxsquarters.png; sourceTree = "<group>"; };
		AD11544016F5273000A9FE87 /* samusvaria.png */ = {isa = PBXFileReference; lastKnownFileType = image.png; path = samusvaria.png; sourceTree = "<group>"; };
		AD11544716F57DB800A9FE87 /* TBEntity.h */ = {isa = PBXFileReference; fileEncoding = 4; lastKnownFileType = sourcecode.c.h; path = TBEntity.h; sourceTree = "<group>"; };
		AD11544816F57DB800A9FE87 /* TBEntity.m */ = {isa = PBXFileReference; fileEncoding = 4; lastKnownFileType = sourcecode.c.objc; path = TBEntity.m; sourceTree = "<group>"; };
		AD11544A16F5843500A9FE87 /* TBWorld.h */ = {isa = PBXFileReference; fileEncoding = 4; lastKnownFileType = sourcecode.c.h; path = TBWorld.h; sourceTree = "<group>"; };
		AD11544B16F5843500A9FE87 /* TBWorld.m */ = {isa = PBXFileReference; fileEncoding = 4; lastKnownFileType = sourcecode.c.objc; path = TBWorld.m; sourceTree = "<group>"; };
		AD11545016F6D06900A9FE87 /* block2.png */ = {isa = PBXFileReference; lastKnownFileType = image.png; path = block2.png; sourceTree = "<group>"; };
		AD2B2E6616FE902C0024F163 /* TBBlockMachine.h */ = {isa = PBXFileReference; fileEncoding = 4; lastKnownFileType = sourcecode.c.h; path = TBBlockMachine.h; sourceTree = "<group>"; };
		AD2B2E6716FE902C0024F163 /* TBBlockMachine.m */ = {isa = PBXFileReference; fileEncoding = 4; lastKnownFileType = sourcecode.c.objc; path = TBBlockMachine.m; sourceTree = "<group>"; };
		AD2B2E6916FEC9FE0024F163 /* glow.png */ = {isa = PBXFileReference; lastKnownFileType = image.png; path = glow.png; sourceTree = "<group>"; };
		AD2B2E6B16FECF270024F163 /* glow2.png */ = {isa = PBXFileReference; lastKnownFileType = image.png; path = glow2.png; sourceTree = "<group>"; };
		AD345BB217E52F5A00E5F66E /* tinyexplosion.png */ = {isa = PBXFileReference; lastKnownFileType = image.png; path = tinyexplosion.png; sourceTree = "<group>"; };
		AD345BB417E53A7B00E5F66E /* bigexplosion.png */ = {isa = PBXFileReference; lastKnownFileType = image.png; path = bigexplosion.png; sourceTree = "<group>"; };
		AD4B52CD18501FB900EF2967 /* TBStringSprite.h */ = {isa = PBXFileReference; fileEncoding = 4; lastKnownFileType = sourcecode.c.h; path = TBStringSprite.h; sourceTree = "<group>"; };
		AD4B52CE18501FB900EF2967 /* TBStringSprite.m */ = {isa = PBXFileReference; fileEncoding = 4; lastKnownFileType = sourcecode.c.objc; path = TBStringSprite.m; sourceTree = "<group>"; };
		AD4B52D018502A2000EF2967 /* bitmapfont.gif */ = {isa = PBXFileReference; lastKnownFileType = image.gif; path = bitmapfont.gif; sourceTree = "<group>"; };
		AD4B52D218503E8100EF2967 /* player2stand.png */ = {isa = PBXFileReference; lastKnownFileType = image.png; path = player2stand.png; sourceTree = "<group>"; };
		AD4B52D318503E8100EF2967 /* playersheet.png */ = {isa = PBXFileReference; lastKnownFileType = image.png; path = playersheet.png; sourceTree = "<group>"; };
		AD4B52D618503EAE00EF2967 /* player2.png */ = {isa = PBXFileReference; lastKnownFileType = image.png; path = player2.png; sourceTree = "<group>"; };
		AD4B52D818505E8B00EF2967 /* TBNPC.h */ = {isa = PBXFileReference; fileEncoding = 4; lastKnownFileType = sourcecode.c.h; path = TBNPC.h; sourceTree = "<group>"; };
		AD4B52D918505E8B00EF2967 /* TBNPC.m */ = {isa = PBXFileReference; fileEncoding = 4; lastKnownFileType = sourcecode.c.objc; path = TBNPC.m; sourceTree = "<group>"; };
		AD4B52DF18508D2800EF2967 /* player3.png */ = {isa = PBXFileReference; lastKnownFileType = image.png; path = player3.png; sourceTree = "<group>"; };
		AD7E21C617E16281003DD9DC /* TBDrawable.h */ = {isa = PBXFileReference; lastKnownFileType = sourcecode.c.h; path = TBDrawable.h; sourceTree = "<group>"; };
		AD7E21C717E163D9003DD9DC /* TBAnimatedSprite.h */ = {isa = PBXFileReference; fileEncoding = 4; lastKnownFileType = sourcecode.c.h; path = TBAnimatedSprite.h; sourceTree = "<group>"; };
		AD7E21C817E163D9003DD9DC /* TBAnimatedSprite.m */ = {isa = PBXFileReference; fileEncoding = 4; lastKnownFileType = sourcecode.c.objc; path = TBAnimatedSprite.m; sourceTree = "<group>"; };
		AD7E21CA17E29E87003DD9DC /* playersheet.png */ = {isa = PBXFileReference; lastKnownFileType = image.png; path = playersheet.png; sourceTree = "<group>"; };
		AD7E21CC17E3E2B1003DD9DC /* TBStateSprite.h */ = {isa = PBXFileReference; fileEncoding = 4; lastKnownFileType = sourcecode.c.h; path = TBStateSprite.h; sourceTree = "<group>"; };
		AD7E21CD17E3E2B2003DD9DC /* TBStateSprite.m */ = {isa = PBXFileReference; fileEncoding = 4; lastKnownFileType = sourcecode.c.objc; path = TBStateSprite.m; sourceTree = "<group>"; };
		AD8D689B16F70AC80020EC7B /* player.png */ = {isa = PBXFileReference; lastKnownFileType = image.png; path = player.png; sourceTree = "<group>"; };
		AD8D68A216F7131E0020EC7B /* TBPoint.h */ = {isa = PBXFileReference; fileEncoding = 4; lastKnownFileType = sourcecode.c.h; path = TBPoint.h; sourceTree = "<group>"; };
		AD8D68A316F7131E0020EC7B /* TBPoint.m */ = {isa = PBXFileReference; fileEncoding = 4; lastKnownFileType = sourcecode.c.objc; path = TBPoint.m; sourceTree = "<group>"; };
		AD8D68A516F793430020EC7B /* TBCreature.h */ = {isa = PBXFileReference; fileEncoding = 4; lastKnownFileType = sourcecode.c.h; path = TBCreature.h; sourceTree = "<group>"; };
		AD8D68A616F793430020EC7B /* TBCreature.m */ = {isa = PBXFileReference; fileEncoding = 4; lastKnownFileType = sourcecode.c.objc; path = TBCreature.m; sourceTree = "<group>"; };
		AD8D68A816F7B9C80020EC7B /* bullet.png */ = {isa = PBXFileReference; lastKnownFileType = image.png; path = bullet.png; sourceTree = "<group>"; };
		ADA631491788DA7B005B6B17 /* TBBullet.h */ = {isa = PBXFileReference; fileEncoding = 4; lastKnownFileType = sourcecode.c.h; path = TBBullet.h; sourceTree = "<group>"; };
		ADA6314A1788DA7B005B6B17 /* TBBullet.m */ = {isa = PBXFileReference; fileEncoding = 4; lastKnownFileType = sourcecode.c.objc; path = TBBullet.m; sourceTree = "<group>"; };
		ADA6314C1788DCA9005B6B17 /* TBBlock.h */ = {isa = PBXFileReference; fileEncoding = 4; lastKnownFileType = sourcecode.c.h; path = TBBlock.h; sourceTree = "<group>"; };
		ADA6314D1788DCA9005B6B17 /* TBBlock.m */ = {isa = PBXFileReference; fileEncoding = 4; lastKnownFileType = sourcecode.c.objc; path = TBBlock.m; sourceTree = "<group>"; };
		ADFB3DD618508F49005C9A0B /* test.png */ = {isa = PBXFileReference; lastKnownFileType = image.png; path = test.png; sourceTree = "<group>"; };
		ADFB3DD81851428F005C9A0B /* FEET_plate_armor_shoes.png */ = {isa = PBXFileReference; lastKnownFileType = image.png; path = FEET_plate_armor_shoes.png; sourceTree = "<group>"; };
		ADFB3DD91851428F005C9A0B /* HEAD_plate_armor_helmet.png */ = {isa = PBXFileReference; lastKnownFileType = image.png; path = HEAD_plate_armor_helmet.png; sourceTree = "<group>"; };
		ADFB3DDA1851428F005C9A0B /* TORSO_plate_armor_torso.png */ = {isa = PBXFileReference; lastKnownFileType = image.png; path = TORSO_plate_armor_torso.png; sourceTree = "<group>"; };
		ADFB3DDE18514331005C9A0B /* baseplayer.png */ = {isa = PBXFileReference; lastKnownFileType = image.png; path = baseplayer.png; sourceTree = "<group>"; };
		ADFB3DE0185148FB005C9A0B /* HANDS_plate_armor_gloves.png */ = {isa = PBXFileReference; lastKnownFileType = image.png; path = HANDS_plate_armor_gloves.png; sourceTree = "<group>"; };
		ADFB3DE1185148FB005C9A0B /* LEGS_plate_armor_pants.png */ = {isa = PBXFileReference; lastKnownFileType = image.png; path = LEGS_plate_armor_pants.png; sourceTree = "<group>"; };
		ADFB3DE418514A0A005C9A0B /* TORSO_plate_armor_arms_shoulders.png */ = {isa = PBXFileReference; lastKnownFileType = image.png; path = TORSO_plate_armor_arms_shoulders.png; sourceTree = "<group>"; };
		ADFB3DE61851654C005C9A0B /* gun.png */ = {isa = PBXFileReference; lastKnownFileType = image.png; path = gun.png; sourceTree = "<group>"; };
		ADFB3DE818516E31005C9A0B /* point.png */ = {isa = PBXFileReference; lastKnownFileType = image.png; path = point.png; sourceTree = "<group>"; };
		ADFB3DEA1852BDED005C9A0B /* background2.png */ = {isa = PBXFileReference; lastKnownFileType = image.png; path = background2.png; sourceTree = "<group>"; };
		ADFFB1021852EA4500BCEEF1 /* TBEventManager.h */ = {isa = PBXFileReference; fileEncoding = 4; lastKnownFileType = sourcecode.c.h; path = TBEventManager.h; sourceTree = "<group>"; };
		ADFFB1031852EA4500BCEEF1 /* TBEventManager.m */ = {isa = PBXFileReference; fileEncoding = 4; lastKnownFileType = sourcecode.c.objc; path = TBEventManager.m; sourceTree = "<group>"; };
		ADFFB1051852EA6A00BCEEF1 /* TBEvent.h */ = {isa = PBXFileReference; fileEncoding = 4; lastKnownFileType = sourcecode.c.h; path = TBEvent.h; sourceTree = "<group>"; };
		ADFFB1061852EA6A00BCEEF1 /* TBEvent.m */ = {isa = PBXFileReference; fileEncoding = 4; lastKnownFileType = sourcecode.c.objc; path = TBEvent.m; sourceTree = "<group>"; };
		ADFFB109185419FB00BCEEF1 /* TBGame.h */ = {isa = PBXFileReference; fileEncoding = 4; lastKnownFileType = sourcecode.c.h; path = TBGame.h; sourceTree = "<group>"; };
		ADFFB10A185419FB00BCEEF1 /* TBGame.m */ = {isa = PBXFileReference; fileEncoding = 4; lastKnownFileType = sourcecode.c.objc; path = TBGame.m; sourceTree = "<group>"; };
		ADFFB10C18541F6A00BCEEF1 /* TBPlayer.h */ = {isa = PBXFileReference; fileEncoding = 4; lastKnownFileType = sourcecode.c.h; path = TBPlayer.h; sourceTree = "<group>"; };
		ADFFB10D18541F6A00BCEEF1 /* TBPlayer.m */ = {isa = PBXFileReference; fileEncoding = 4; lastKnownFileType = sourcecode.c.objc; path = TBPlayer.m; sourceTree = "<group>"; };
		ADFFB10F1854266C00BCEEF1 /* glow3.png */ = {isa = PBXFileReference; lastKnownFileType = image.png; path = glow3.png; sourceTree = "<group>"; };
		ADFFB11318542CE800BCEEF1 /* ghostplayer.png */ = {isa = PBXFileReference; lastKnownFileType = image.png; path = ghostplayer.png; sourceTree = "<group>"; };
		ADFFB11518542D8C00BCEEF1 /* BODY_skeleton.png */ = {isa = PBXFileReference; lastKnownFileType = image.png; path = BODY_skeleton.png; sourceTree = "<group>"; };
/* End PBXFileReference section */

/* Begin PBXFrameworksBuildPhase section */
		AD1153DC16F467D600A9FE87 /* Frameworks */ = {
			isa = PBXFrameworksBuildPhase;
			buildActionMask = 2147483647;
			files = (
				AD11540416F4686400A9FE87 /* GLKit.framework in Frameworks */,
				AD11540216F4685A00A9FE87 /* OpenGLES.framework in Frameworks */,
				AD11540016F4685100A9FE87 /* QuartzCore.framework in Frameworks */,
				AD1153E316F467D600A9FE87 /* UIKit.framework in Frameworks */,
				AD1153E516F467D600A9FE87 /* Foundation.framework in Frameworks */,
				AD1153E716F467D600A9FE87 /* CoreGraphics.framework in Frameworks */,
			);
			runOnlyForDeploymentPostprocessing = 0;
		};
/* End PBXFrameworksBuildPhase section */

/* Begin PBXGroup section */
		AD1153D616F467D600A9FE87 = {
			isa = PBXGroup;
			children = (
				ADFFB10C18541F6A00BCEEF1 /* TBPlayer.h */,
				ADFFB10D18541F6A00BCEEF1 /* TBPlayer.m */,
				ADFFB109185419FB00BCEEF1 /* TBGame.h */,
				ADFFB10A185419FB00BCEEF1 /* TBGame.m */,
				ADFFB1021852EA4500BCEEF1 /* TBEventManager.h */,
				ADFFB1031852EA4500BCEEF1 /* TBEventManager.m */,
				ADFFB1051852EA6A00BCEEF1 /* TBEvent.h */,
				ADFFB1061852EA6A00BCEEF1 /* TBEvent.m */,
				AD4B52CD18501FB900EF2967 /* TBStringSprite.h */,
				AD4B52CE18501FB900EF2967 /* TBStringSprite.m */,
				ADA6314C1788DCA9005B6B17 /* TBBlock.h */,
				ADA6314D1788DCA9005B6B17 /* TBBlock.m */,
				AD11540316F4686400A9FE87 /* GLKit.framework */,
				AD11540116F4685A00A9FE87 /* OpenGLES.framework */,
				AD1153FF16F4685100A9FE87 /* QuartzCore.framework */,
				AD1153E816F467D600A9FE87 /* TrashBlaster */,
				AD1153E116F467D600A9FE87 /* Frameworks */,
				AD1153E016F467D600A9FE87 /* Products */,
			);
			sourceTree = "<group>";
		};
		AD1153E016F467D600A9FE87 /* Products */ = {
			isa = PBXGroup;
			children = (
				AD1153DF16F467D600A9FE87 /* TrashBlaster.app */,
			);
			name = Products;
			sourceTree = "<group>";
		};
		AD1153E116F467D600A9FE87 /* Frameworks */ = {
			isa = PBXGroup;
			children = (
				AD1153E216F467D600A9FE87 /* UIKit.framework */,
				AD1153E416F467D600A9FE87 /* Foundation.framework */,
				AD1153E616F467D600A9FE87 /* CoreGraphics.framework */,
			);
			name = Frameworks;
			sourceTree = "<group>";
		};
		AD1153E816F467D600A9FE87 /* TrashBlaster */ = {
			isa = PBXGroup;
			children = (
				AD11543A16F5273000A9FE87 /* images */,
				AD1153F116F467D600A9FE87 /* AppDelegate.h */,
				AD1153F216F467D600A9FE87 /* AppDelegate.m */,
				AD11544A16F5843500A9FE87 /* TBWorld.h */,
				AD02766B17E5287A003DB992 /* TBExplosion.h */,
				AD02766C17E5287A003DB992 /* TBExplosion.m */,
				AD11544B16F5843500A9FE87 /* TBWorld.m */,
				AD2B2E6616FE902C0024F163 /* TBBlockMachine.h */,
				AD2B2E6716FE902C0024F163 /* TBBlockMachine.m */,
				AD8D68A216F7131E0020EC7B /* TBPoint.h */,
				AD8D68A316F7131E0020EC7B /* TBPoint.m */,
				AD11540A16F50B7C00A9FE87 /* TBSprite.h */,
				AD11540B16F50B7C00A9FE87 /* TBSprite.m */,
				AD8D68A516F793430020EC7B /* TBCreature.h */,
				AD8D68A616F793430020EC7B /* TBCreature.m */,
				AD4B52D818505E8B00EF2967 /* TBNPC.h */,
				AD4B52D918505E8B00EF2967 /* TBNPC.m */,
				AD11544716F57DB800A9FE87 /* TBEntity.h */,
				AD11544816F57DB800A9FE87 /* TBEntity.m */,
				AD1153E916F467D600A9FE87 /* Supporting Files */,
				AD11540516F4694100A9FE87 /* MainStoryboard.storyboard */,
				AD11540716F46BD200A9FE87 /* TBViewController.h */,
				AD11540816F46BD200A9FE87 /* TBViewController.m */,
				ADA631491788DA7B005B6B17 /* TBBullet.h */,
				ADA6314A1788DA7B005B6B17 /* TBBullet.m */,
				AD7E21C617E16281003DD9DC /* TBDrawable.h */,
				AD7E21C717E163D9003DD9DC /* TBAnimatedSprite.h */,
				AD7E21C817E163D9003DD9DC /* TBAnimatedSprite.m */,
				AD7E21CC17E3E2B1003DD9DC /* TBStateSprite.h */,
				AD7E21CD17E3E2B2003DD9DC /* TBStateSprite.m */,
			);
			path = TrashBlaster;
			sourceTree = "<group>";
		};
		AD1153E916F467D600A9FE87 /* Supporting Files */ = {
			isa = PBXGroup;
			children = (
				AD1153EA16F467D600A9FE87 /* TrashBlaster-Info.plist */,
				AD1153EB16F467D600A9FE87 /* InfoPlist.strings */,
				AD1153EE16F467D600A9FE87 /* main.m */,
				AD1153F016F467D600A9FE87 /* TrashBlaster-Prefix.pch */,
				AD1153F416F467D600A9FE87 /* Default.png */,
				AD1153F616F467D600A9FE87 /* Default@2x.png */,
				AD1153F816F467D600A9FE87 /* Default-568h@2x.png */,
			);
			name = "Supporting Files";
			sourceTree = "<group>";
		};
		AD11543A16F5273000A9FE87 /* images */ = {
			isa = PBXGroup;
			children = (
				ADFFB11518542D8C00BCEEF1 /* BODY_skeleton.png */,
				AD2B2E6B16FECF270024F163 /* glow2.png */,
				ADFFB11318542CE800BCEEF1 /* ghostplayer.png */,
				ADFFB10F1854266C00BCEEF1 /* glow3.png */,
				ADFB3DE818516E31005C9A0B /* point.png */,
				ADFB3DE61851654C005C9A0B /* gun.png */,
				ADFB3DEA1852BDED005C9A0B /* background2.png */,
				ADFB3DDE18514331005C9A0B /* baseplayer.png */,
				ADFB3DD81851428F005C9A0B /* FEET_plate_armor_shoes.png */,
				ADFB3DD91851428F005C9A0B /* HEAD_plate_armor_helmet.png */,
				ADFB3DDA1851428F005C9A0B /* TORSO_plate_armor_torso.png */,
				ADFB3DE0185148FB005C9A0B /* HANDS_plate_armor_gloves.png */,
				ADFB3DE1185148FB005C9A0B /* LEGS_plate_armor_pants.png */,
				ADFB3DE418514A0A005C9A0B /* TORSO_plate_armor_arms_shoulders.png */,
				AD4B52D218503E8100EF2967 /* player2stand.png */,
				AD4B52D618503EAE00EF2967 /* player2.png */,
				AD4B52DF18508D2800EF2967 /* player3.png */,
				ADFB3DD618508F49005C9A0B /* test.png */,
				AD4B52D318503E8100EF2967 /* playersheet.png */,
				AD4B52D018502A2000EF2967 /* bitmapfont.gif */,
				AD345BB417E53A7B00E5F66E /* bigexplosion.png */,
				AD345BB217E52F5A00E5F66E /* tinyexplosion.png */,
				AD7E21CA17E29E87003DD9DC /* playersheet.png */,
				AD2B2E6916FEC9FE0024F163 /* glow.png */,
				AD11545016F6D06900A9FE87 /* block2.png */,
				AD8D68A816F7B9C80020EC7B /* bullet.png */,
				AD8D689B16F70AC80020EC7B /* player.png */,
				AD11543B16F5273000A9FE87 /* background.png */,
				AD11543C16F5273000A9FE87 /* block@2x.png */,
				AD11543D16F5273000A9FE87 /* catacombs.png */,
				AD11543E16F5273000A9FE87 /* draygon.png */,
				AD11543F16F5273000A9FE87 /* olroxsquarters.png */,
				AD11544016F5273000A9FE87 /* samusvaria.png */,
			);
			path = images;
			sourceTree = "<group>";
		};
/* End PBXGroup section */

/* Begin PBXNativeTarget section */
		AD1153DE16F467D600A9FE87 /* TrashBlaster */ = {
			isa = PBXNativeTarget;
			buildConfigurationList = AD1153FC16F467D600A9FE87 /* Build configuration list for PBXNativeTarget "TrashBlaster" */;
			buildPhases = (
				AD1153DB16F467D600A9FE87 /* Sources */,
				AD1153DC16F467D600A9FE87 /* Frameworks */,
				AD1153DD16F467D600A9FE87 /* Resources */,
			);
			buildRules = (
				ADBCFAAA16F98F730086A1FD /* PBXBuildRule */,
			);
			dependencies = (
			);
			name = TrashBlaster;
			productName = TrashBlaster;
			productReference = AD1153DF16F467D600A9FE87 /* TrashBlaster.app */;
			productType = "com.apple.product-type.application";
		};
/* End PBXNativeTarget section */

/* Begin PBXProject section */
		AD1153D716F467D600A9FE87 /* Project object */ = {
			isa = PBXProject;
			attributes = {
				LastUpgradeCheck = 0500;
				ORGANIZATIONNAME = "Weston Cannon Beecroft";
			};
			buildConfigurationList = AD1153DA16F467D600A9FE87 /* Build configuration list for PBXProject "TrashBlaster" */;
			compatibilityVersion = "Xcode 3.2";
			developmentRegion = English;
			hasScannedForEncodings = 0;
			knownRegions = (
				en,
			);
			mainGroup = AD1153D616F467D600A9FE87;
			productRefGroup = AD1153E016F467D600A9FE87 /* Products */;
			projectDirPath = "";
			projectRoot = "";
			targets = (
				AD1153DE16F467D600A9FE87 /* TrashBlaster */,
			);
		};
/* End PBXProject section */

/* Begin PBXResourcesBuildPhase section */
		AD1153DD16F467D600A9FE87 /* Resources */ = {
			isa = PBXResourcesBuildPhase;
			buildActionMask = 2147483647;
			files = (
				ADFB3DE3185148FB005C9A0B /* LEGS_plate_armor_pants.png in Resources */,
				AD1153ED16F467D600A9FE87 /* InfoPlist.strings in Resources */,
				ADFB3DEB1852BDED005C9A0B /* background2.png in Resources */,
				ADFB3DE918516E31005C9A0B /* point.png in Resources */,
				AD1153F516F467D600A9FE87 /* Default.png in Resources */,
				AD4B52D518503E8100EF2967 /* playersheet.png in Resources */,
				AD1153F716F467D600A9FE87 /* Default@2x.png in Resources */,
				ADFB3DD718508F49005C9A0B /* test.png in Resources */,
				ADFB3DE2185148FB005C9A0B /* HANDS_plate_armor_gloves.png in Resources */,
				AD1153F916F467D600A9FE87 /* Default-568h@2x.png in Resources */,
				ADFFB11618542D8C00BCEEF1 /* BODY_skeleton.png in Resources */,
				AD11540616F4694100A9FE87 /* MainStoryboard.storyboard in Resources */,
				AD4B52E118508D2800EF2967 /* player3.png in Resources */,
				ADFFB1101854266C00BCEEF1 /* glow3.png in Resources */,
				AD11544116F5273000A9FE87 /* background.png in Resources */,
				AD4B52D118502A2000EF2967 /* bitmapfont.gif in Resources */,
				AD4B52D718503EAE00EF2967 /* player2.png in Resources */,
				AD11544216F5273000A9FE87 /* block@2x.png in Resources */,
				AD11544316F5273000A9FE87 /* catacombs.png in Resources */,
				ADFB3DDC1851428F005C9A0B /* HEAD_plate_armor_helmet.png in Resources */,
				AD11544416F5273000A9FE87 /* draygon.png in Resources */,
				AD11544516F5273000A9FE87 /* olroxsquarters.png in Resources */,
				ADFFB11418542CE800BCEEF1 /* ghostplayer.png in Resources */,
				ADFB3DDD1851428F005C9A0B /* TORSO_plate_armor_torso.png in Resources */,
				AD11544616F5273000A9FE87 /* samusvaria.png in Resources */,
				AD11545116F6D06900A9FE87 /* block2.png in Resources */,
				ADFB3DDB1851428F005C9A0B /* FEET_plate_armor_shoes.png in Resources */,
				AD8D689C16F70AC80020EC7B /* player.png in Resources */,
				AD8D68A916F7B9C80020EC7B /* bullet.png in Resources */,
				ADFB3DE71851654C005C9A0B /* gun.png in Resources */,
				AD2B2E6A16FEC9FE0024F163 /* glow.png in Resources */,
				AD2B2E6C16FECF270024F163 /* glow2.png in Resources */,
				ADFB3DDF18514331005C9A0B /* baseplayer.png in Resources */,
				AD4B52D418503E8100EF2967 /* player2stand.png in Resources */,
				ADFB3DE518514A0A005C9A0B /* TORSO_plate_armor_arms_shoulders.png in Resources */,
				AD345BB317E52F5A00E5F66E /* tinyexplosion.png in Resources */,
				AD345BB517E53A7B00E5F66E /* bigexplosion.png in Resources */,
			);
			runOnlyForDeploymentPostprocessing = 0;
		};
/* End PBXResourcesBuildPhase section */

/* Begin PBXSourcesBuildPhase section */
		AD1153DB16F467D600A9FE87 /* Sources */ = {
			isa = PBXSourcesBuildPhase;
			buildActionMask = 2147483647;
			files = (
				AD1153EF16F467D600A9FE87 /* main.m in Sources */,
				AD1153F316F467D600A9FE87 /* AppDelegate.m in Sources */,
				AD4B52CF18501FB900EF2967 /* TBStringSprite.m in Sources */,
				AD11540916F46BD200A9FE87 /* TBViewController.m in Sources */,
				ADFFB1071852EA6A00BCEEF1 /* TBEvent.m in Sources */,
				ADFFB1041852EA4500BCEEF1 /* TBEventManager.m in Sources */,
				AD11540C16F50B7C00A9FE87 /* TBSprite.m in Sources */,
				AD11544916F57DB800A9FE87 /* TBEntity.m in Sources */,
				AD11544C16F5843500A9FE87 /* TBWorld.m in Sources */,
				AD8D68A416F7131F0020EC7B /* TBPoint.m in Sources */,
				AD8D68A716F793430020EC7B /* TBCreature.m in Sources */,
				AD4B52DA18505E8B00EF2967 /* TBNPC.m in Sources */,
				ADFFB10E18541F6A00BCEEF1 /* TBPlayer.m in Sources */,
				AD2B2E6816FE902C0024F163 /* TBBlockMachine.m in Sources */,
				ADA6314B1788DA7B005B6B17 /* TBBullet.m in Sources */,
				ADA6314E1788DCAA005B6B17 /* TBBlock.m in Sources */,
				ADFFB10B185419FB00BCEEF1 /* TBGame.m in Sources */,
				AD7E21C917E163D9003DD9DC /* TBAnimatedSprite.m in Sources */,
				AD7E21CE17E3E2B2003DD9DC /* TBStateSprite.m in Sources */,
				AD02766D17E5287A003DB992 /* TBExplosion.m in Sources */,
			);
			runOnlyForDeploymentPostprocessing = 0;
		};
/* End PBXSourcesBuildPhase section */

/* Begin PBXVariantGroup section */
		AD1153EB16F467D600A9FE87 /* InfoPlist.strings */ = {
			isa = PBXVariantGroup;
			children = (
				AD1153EC16F467D600A9FE87 /* en */,
			);
			name = InfoPlist.strings;
			sourceTree = "<group>";
		};
/* End PBXVariantGroup section */

/* Begin XCBuildConfiguration section */
		AD1153FA16F467D600A9FE87 /* Debug */ = {
			isa = XCBuildConfiguration;
			buildSettings = {
				ALWAYS_SEARCH_USER_PATHS = NO;
				CLANG_CXX_LANGUAGE_STANDARD = "gnu++0x";
				CLANG_CXX_LIBRARY = "libc++";
				CLANG_ENABLE_OBJC_ARC = YES;
				CLANG_WARN_CONSTANT_CONVERSION = YES;
				CLANG_WARN_EMPTY_BODY = YES;
				CLANG_WARN_ENUM_CONVERSION = YES;
				CLANG_WARN_INT_CONVERSION = YES;
				CLANG_WARN__DUPLICATE_METHOD_MATCH = YES;
				"CODE_SIGN_IDENTITY[sdk=iphoneos*]" = "iPhone Developer";
				COPY_PHASE_STRIP = NO;
				GCC_C_LANGUAGE_STANDARD = gnu99;
				GCC_DYNAMIC_NO_PIC = NO;
				GCC_OPTIMIZATION_LEVEL = 0;
				GCC_PREPROCESSOR_DEFINITIONS = (
					"DEBUG=1",
					"$(inherited)",
				);
				GCC_SYMBOLS_PRIVATE_EXTERN = NO;
				GCC_WARN_ABOUT_RETURN_TYPE = YES;
				GCC_WARN_UNINITIALIZED_AUTOS = YES;
				GCC_WARN_UNUSED_VARIABLE = YES;
				IPHONEOS_DEPLOYMENT_TARGET = 6.1;
				ONLY_ACTIVE_ARCH = YES;
				SDKROOT = iphoneos;
				TARGETED_DEVICE_FAMILY = "1,2";
			};
			name = Debug;
		};
		AD1153FB16F467D600A9FE87 /* Release */ = {
			isa = XCBuildConfiguration;
			buildSettings = {
				ALWAYS_SEARCH_USER_PATHS = NO;
				CLANG_CXX_LANGUAGE_STANDARD = "gnu++0x";
				CLANG_CXX_LIBRARY = "libc++";
				CLANG_ENABLE_OBJC_ARC = YES;
				CLANG_WARN_CONSTANT_CONVERSION = YES;
				CLANG_WARN_EMPTY_BODY = YES;
				CLANG_WARN_ENUM_CONVERSION = YES;
				CLANG_WARN_INT_CONVERSION = YES;
				CLANG_WARN__DUPLICATE_METHOD_MATCH = YES;
				"CODE_SIGN_IDENTITY[sdk=iphoneos*]" = "iPhone Developer";
				COPY_PHASE_STRIP = YES;
				GCC_C_LANGUAGE_STANDARD = gnu99;
				GCC_WARN_ABOUT_RETURN_TYPE = YES;
				GCC_WARN_UNINITIALIZED_AUTOS = YES;
				GCC_WARN_UNUSED_VARIABLE = YES;
				IPHONEOS_DEPLOYMENT_TARGET = 6.1;
				OTHER_CFLAGS = "-DNS_BLOCK_ASSERTIONS=1";
				SDKROOT = iphoneos;
				TARGETED_DEVICE_FAMILY = "1,2";
				VALIDATE_PRODUCT = YES;
			};
			name = Release;
		};
		AD1153FD16F467D600A9FE87 /* Debug */ = {
			isa = XCBuildConfiguration;
			buildSettings = {
				GCC_PRECOMPILE_PREFIX_HEADER = YES;
				GCC_PREFIX_HEADER = "TrashBlaster/TrashBlaster-Prefix.pch";
				INFOPLIST_FILE = "TrashBlaster/TrashBlaster-Info.plist";
				PRODUCT_NAME = "$(TARGET_NAME)";
				WRAPPER_EXTENSION = app;
			};
			name = Debug;
		};
		AD1153FE16F467D600A9FE87 /* Release */ = {
			isa = XCBuildConfiguration;
			buildSettings = {
				GCC_PRECOMPILE_PREFIX_HEADER = YES;
				GCC_PREFIX_HEADER = "TrashBlaster/TrashBlaster-Prefix.pch";
				INFOPLIST_FILE = "TrashBlaster/TrashBlaster-Info.plist";
				PRODUCT_NAME = "$(TARGET_NAME)";
				WRAPPER_EXTENSION = app;
			};
			name = Release;
		};
/* End XCBuildConfiguration section */

/* Begin XCConfigurationList section */
		AD1153DA16F467D600A9FE87 /* Build configuration list for PBXProject "TrashBlaster" */ = {
			isa = XCConfigurationList;
			buildConfigurations = (
				AD1153FA16F467D600A9FE87 /* Debug */,
				AD1153FB16F467D600A9FE87 /* Release */,
			);
			defaultConfigurationIsVisible = 0;
			defaultConfigurationName = Release;
		};
		AD1153FC16F467D600A9FE87 /* Build configuration list for PBXNativeTarget "TrashBlaster" */ = {
			isa = XCConfigurationList;
			buildConfigurations = (
				AD1153FD16F467D600A9FE87 /* Debug */,
				AD1153FE16F467D600A9FE87 /* Release */,
			);
			defaultConfigurationIsVisible = 0;
			defaultConfigurationName = Release;
		};
/* End XCConfigurationList section */
	};
	rootObject = AD1153D716F467D600A9FE87 /* Project object */;
}
